// !$*UTF8*$!
{
	archiveVersion = 1;
	classes = {
	};
	objectVersion = 48;
	objects = {

/* Begin PBXBuildFile section */
		BB2E30C8202F8EE800AB6F4C /* ConfigSheet.xib in Resources */ = {isa = PBXBuildFile; fileRef = BB2E30C7202F8EE800AB6F4C /* ConfigSheet.xib */; };
		BBB026291FB978C3003EB312 /* NightShadeView.h in Headers */ = {isa = PBXBuildFile; fileRef = BBB026281FB978C3003EB312 /* NightShadeView.h */; };
		BBB0262B1FB978C3003EB312 /* NightShadeView.m in Sources */ = {isa = PBXBuildFile; fileRef = BBB0262A1FB978C3003EB312 /* NightShadeView.m */; };
		BBF855872030D25900DB2272 /* thumbnail@2x.png in Resources */ = {isa = PBXBuildFile; fileRef = BBF855852030D25900DB2272 /* thumbnail@2x.png */; };
		BBF855882030D25900DB2272 /* thumbnail.png in Resources */ = {isa = PBXBuildFile; fileRef = BBF855862030D25900DB2272 /* thumbnail.png */; };
/* End PBXBuildFile section */

/* Begin PBXFileReference section */
		BB2E30C7202F8EE800AB6F4C /* ConfigSheet.xib */ = {isa = PBXFileReference; lastKnownFileType = file.xib; path = ConfigSheet.xib; sourceTree = "<group>"; };
		BBB026251FB978C3003EB312 /* Night Shade.saver */ = {isa = PBXFileReference; explicitFileType = wrapper.cfbundle; includeInIndex = 0; path = "Night Shade.saver"; sourceTree = BUILT_PRODUCTS_DIR; };
		BBB026281FB978C3003EB312 /* NightShadeView.h */ = {isa = PBXFileReference; lastKnownFileType = sourcecode.c.h; path = NightShadeView.h; sourceTree = "<group>"; };
		BBB0262A1FB978C3003EB312 /* NightShadeView.m */ = {isa = PBXFileReference; lastKnownFileType = sourcecode.c.objc; path = NightShadeView.m; sourceTree = "<group>"; };
		BBB0262C1FB978C3003EB312 /* Info.plist */ = {isa = PBXFileReference; lastKnownFileType = text.plist.xml; path = Info.plist; sourceTree = "<group>"; };
		BBF855852030D25900DB2272 /* thumbnail@2x.png */ = {isa = PBXFileReference; lastKnownFileType = image.png; path = "thumbnail@2x.png"; sourceTree = "<group>"; };
		BBF855862030D25900DB2272 /* thumbnail.png */ = {isa = PBXFileReference; lastKnownFileType = image.png; path = thumbnail.png; sourceTree = "<group>"; };
/* End PBXFileReference section */

/* Begin PBXFrameworksBuildPhase section */
		BBB026211FB978C3003EB312 /* Frameworks */ = {
			isa = PBXFrameworksBuildPhase;
			buildActionMask = 2147483647;
			files = (
			);
			runOnlyForDeploymentPostprocessing = 0;
		};
/* End PBXFrameworksBuildPhase section */

/* Begin PBXGroup section */
		BBB0261B1FB978C3003EB312 = {
			isa = PBXGroup;
			children = (
				BBB026271FB978C3003EB312 /* NightShade */,
				BBB026261FB978C3003EB312 /* Products */,
			);
			sourceTree = "<group>";
		};
		BBB026261FB978C3003EB312 /* Products */ = {
			isa = PBXGroup;
			children = (
				BBB026251FB978C3003EB312 /* Night Shade.saver */,
			);
			name = Products;
			sourceTree = "<group>";
		};
		BBB026271FB978C3003EB312 /* NightShade */ = {
			isa = PBXGroup;
			children = (
				BBB026281FB978C3003EB312 /* NightShadeView.h */,
				BBB0262A1FB978C3003EB312 /* NightShadeView.m */,
				BB2E30C7202F8EE800AB6F4C /* ConfigSheet.xib */,
				BBF855862030D25900DB2272 /* thumbnail.png */,
				BBF855852030D25900DB2272 /* thumbnail@2x.png */,
				BBB0262C1FB978C3003EB312 /* Info.plist */,
			);
			path = NightShade;
			sourceTree = "<group>";
		};
/* End PBXGroup section */

/* Begin PBXHeadersBuildPhase section */
		BBB026221FB978C3003EB312 /* Headers */ = {
			isa = PBXHeadersBuildPhase;
			buildActionMask = 2147483647;
			files = (
				BBB026291FB978C3003EB312 /* NightShadeView.h in Headers */,
			);
			runOnlyForDeploymentPostprocessing = 0;
		};
/* End PBXHeadersBuildPhase section */

/* Begin PBXNativeTarget section */
		BBB026241FB978C3003EB312 /* NightShade */ = {
			isa = PBXNativeTarget;
			buildConfigurationList = BBB0262F1FB978C3003EB312 /* Build configuration list for PBXNativeTarget "NightShade" */;
			buildPhases = (
				BBB026201FB978C3003EB312 /* Sources */,
				BBB026211FB978C3003EB312 /* Frameworks */,
				BBB026221FB978C3003EB312 /* Headers */,
				BBB026231FB978C3003EB312 /* Resources */,
			);
			buildRules = (
			);
			dependencies = (
			);
			name = NightShade;
			productName = NightShade;
			productReference = BBB026251FB978C3003EB312 /* Night Shade.saver */;
			productType = "com.apple.product-type.bundle";
		};
/* End PBXNativeTarget section */

/* Begin PBXProject section */
		BBB0261C1FB978C3003EB312 /* Project object */ = {
			isa = PBXProject;
			attributes = {
				LastUpgradeCheck = 0910;
				ORGANIZATIONNAME = "Erik Strottmann";
				TargetAttributes = {
					BBB026241FB978C3003EB312 = {
						CreatedOnToolsVersion = 9.1;
						ProvisioningStyle = Automatic;
					};
				};
			};
			buildConfigurationList = BBB0261F1FB978C3003EB312 /* Build configuration list for PBXProject "NightShade" */;
			compatibilityVersion = "Xcode 8.0";
			developmentRegion = en;
			hasScannedForEncodings = 0;
			knownRegions = (
				en,
				Base,
			);
			mainGroup = BBB0261B1FB978C3003EB312;
			productRefGroup = BBB026261FB978C3003EB312 /* Products */;
			projectDirPath = "";
			projectRoot = "";
			targets = (
				BBB026241FB978C3003EB312 /* NightShade */,
			);
		};
/* End PBXProject section */

/* Begin PBXResourcesBuildPhase section */
		BBB026231FB978C3003EB312 /* Resources */ = {
			isa = PBXResourcesBuildPhase;
			buildActionMask = 2147483647;
			files = (
				BB2E30C8202F8EE800AB6F4C /* ConfigSheet.xib in Resources */,
				BBF855872030D25900DB2272 /* thumbnail@2x.png in Resources */,
				BBF855882030D25900DB2272 /* thumbnail.png in Resources */,
			);
			runOnlyForDeploymentPostprocessing = 0;
		};
/* End PBXResourcesBuildPhase section */

/* Begin PBXSourcesBuildPhase section */
		BBB026201FB978C3003EB312 /* Sources */ = {
			isa = PBXSourcesBuildPhase;
			buildActionMask = 2147483647;
			files = (
				BBB0262B1FB978C3003EB312 /* NightShadeView.m in Sources */,
			);
			runOnlyForDeploymentPostprocessing = 0;
		};
/* End PBXSourcesBuildPhase section */

/* Begin XCBuildConfiguration section */
		BBB0262D1FB978C3003EB312 /* Debug */ = {
			isa = XCBuildConfiguration;
			buildSettings = {
				ALWAYS_SEARCH_USER_PATHS = NO;
				CLANG_ANALYZER_NONNULL = YES;
				CLANG_ANALYZER_NUMBER_OBJECT_CONVERSION = YES_AGGRESSIVE;
				CLANG_CXX_LANGUAGE_STANDARD = "gnu++14";
				CLANG_CXX_LIBRARY = "libc++";
				CLANG_ENABLE_MODULES = YES;
				CLANG_ENABLE_OBJC_ARC = YES;
				CLANG_WARN_BLOCK_CAPTURE_AUTORELEASING = YES;
				CLANG_WARN_BOOL_CONVERSION = YES;
				CLANG_WARN_COMMA = YES;
				CLANG_WARN_CONSTANT_CONVERSION = YES;
				CLANG_WARN_DIRECT_OBJC_ISA_USAGE = YES_ERROR;
				CLANG_WARN_DOCUMENTATION_COMMENTS = YES;
				CLANG_WARN_EMPTY_BODY = YES;
				CLANG_WARN_ENUM_CONVERSION = YES;
				CLANG_WARN_INFINITE_RECURSION = YES;
				CLANG_WARN_INT_CONVERSION = YES;
				CLANG_WARN_NON_LITERAL_NULL_CONVERSION = YES;
				CLANG_WARN_OBJC_LITERAL_CONVERSION = YES;
				CLANG_WARN_OBJC_ROOT_CLASS = YES_ERROR;
				CLANG_WARN_RANGE_LOOP_ANALYSIS = YES;
				CLANG_WARN_STRICT_PROTOTYPES = YES;
				CLANG_WARN_SUSPICIOUS_MOVE = YES;
				CLANG_WARN_UNGUARDED_AVAILABILITY = YES_AGGRESSIVE;
				CLANG_WARN_UNREACHABLE_CODE = YES;
				CLANG_WARN__DUPLICATE_METHOD_MATCH = YES;
				CODE_SIGN_IDENTITY = "Mac Developer";
				COPY_PHASE_STRIP = NO;
				DEBUG_INFORMATION_FORMAT = dwarf;
				ENABLE_STRICT_OBJC_MSGSEND = YES;
				ENABLE_TESTABILITY = YES;
				GCC_C_LANGUAGE_STANDARD = gnu11;
				GCC_DYNAMIC_NO_PIC = NO;
				GCC_NO_COMMON_BLOCKS = YES;
				GCC_OPTIMIZATION_LEVEL = 0;
				GCC_PREPROCESSOR_DEFINITIONS = (
					"DEBUG=1",
					"$(inherited)",
				);
				GCC_WARN_64_TO_32_BIT_CONVERSION = YES;
				GCC_WARN_ABOUT_RETURN_TYPE = YES_ERROR;
				GCC_WARN_UNDECLARED_SELECTOR = YES;
				GCC_WARN_UNINITIALIZED_AUTOS = YES_AGGRESSIVE;
				GCC_WARN_UNUSED_FUNCTION = YES;
				GCC_WARN_UNUSED_VARIABLE = YES;
				MACOSX_DEPLOYMENT_TARGET = 10.12;
				MTL_ENABLE_DEBUG_INFO = YES;
				ONLY_ACTIVE_ARCH = YES;
				SDKROOT = macosx;
			};
			name = Debug;
		};
		BBB0262E1FB978C3003EB312 /* Release */ = {
			isa = XCBuildConfiguration;
			buildSettings = {
				ALWAYS_SEARCH_USER_PATHS = NO;
				CLANG_ANALYZER_NONNULL = YES;
				CLANG_ANALYZER_NUMBER_OBJECT_CONVERSION = YES_AGGRESSIVE;
				CLANG_CXX_LANGUAGE_STANDARD = "gnu++14";
				CLANG_CXX_LIBRARY = "libc++";
				CLANG_ENABLE_MODULES = YES;
				CLANG_ENABLE_OBJC_ARC = YES;
				CLANG_WARN_BLOCK_CAPTURE_AUTORELEASING = YES;
				CLANG_WARN_BOOL_CONVERSION = YES;
				CLANG_WARN_COMMA = YES;
				CLANG_WARN_CONSTANT_CONVERSION = YES;
				CLANG_WARN_DIRECT_OBJC_ISA_USAGE = YES_ERROR;
				CLANG_WARN_DOCUMENTATION_COMMENTS = YES;
				CLANG_WARN_EMPTY_BODY = YES;
				CLANG_WARN_ENUM_CONVERSION = YES;
				CLANG_WARN_INFINITE_RECURSION = YES;
				CLANG_WARN_INT_CONVERSION = YES;
				CLANG_WARN_NON_LITERAL_NULL_CONVERSION = YES;
				CLANG_WARN_OBJC_LITERAL_CONVERSION = YES;
				CLANG_WARN_OBJC_ROOT_CLASS = YES_ERROR;
				CLANG_WARN_RANGE_LOOP_ANALYSIS = YES;
				CLANG_WARN_STRICT_PROTOTYPES = YES;
				CLANG_WARN_SUSPICIOUS_MOVE = YES;
				CLANG_WARN_UNGUARDED_AVAILABILITY = YES_AGGRESSIVE;
				CLANG_WARN_UNREACHABLE_CODE = YES;
				CLANG_WARN__DUPLICATE_METHOD_MATCH = YES;
				CODE_SIGN_IDENTITY = "Mac Developer";
				COPY_PHASE_STRIP = NO;
				DEBUG_INFORMATION_FORMAT = "dwarf-with-dsym";
				ENABLE_NS_ASSERTIONS = NO;
				ENABLE_STRICT_OBJC_MSGSEND = YES;
				GCC_C_LANGUAGE_STANDARD = gnu11;
				GCC_NO_COMMON_BLOCKS = YES;
				GCC_WARN_64_TO_32_BIT_CONVERSION = YES;
				GCC_WARN_ABOUT_RETURN_TYPE = YES_ERROR;
				GCC_WARN_UNDECLARED_SELECTOR = YES;
				GCC_WARN_UNINITIALIZED_AUTOS = YES_AGGRESSIVE;
				GCC_WARN_UNUSED_FUNCTION = YES;
				GCC_WARN_UNUSED_VARIABLE = YES;
				MACOSX_DEPLOYMENT_TARGET = 10.12;
				MTL_ENABLE_DEBUG_INFO = NO;
				SDKROOT = macosx;
			};
			name = Release;
		};
		BBB026301FB978C3003EB312 /* Debug */ = {
			isa = XCBuildConfiguration;
			buildSettings = {
				CODE_SIGN_STYLE = Automatic;
				COMBINE_HIDPI_IMAGES = YES;
				DEVELOPMENT_TEAM = 75TNSE73KL;
				INFOPLIST_FILE = NightShade/Info.plist;
				INSTALL_PATH = "$(HOME)/Library/Screen Savers";
				PRODUCT_BUNDLE_IDENTIFIER = com.erikstrottmann.NightShade;
				PRODUCT_NAME = "Night Shade";
				WRAPPER_EXTENSION = saver;
			};
			name = Debug;
		};
		BBB026311FB978C3003EB312 /* Release */ = {
			isa = XCBuildConfiguration;
			buildSettings = {
				CODE_SIGN_STYLE = Automatic;
				COMBINE_HIDPI_IMAGES = YES;
				DEVELOPMENT_TEAM = 75TNSE73KL;
				INFOPLIST_FILE = NightShade/Info.plist;
				INSTALL_PATH = "$(HOME)/Library/Screen Savers";
				PRODUCT_BUNDLE_IDENTIFIER = com.erikstrottmann.NightShade;
				PRODUCT_NAME = "Night Shade";
				WRAPPER_EXTENSION = saver;
			};
			name = Release;
		};
/* End XCBuildConfiguration section */

/* Begin XCConfigurationList section */
		BBB0261F1FB978C3003EB312 /* Build configuration list for PBXProject "NightShade" */ = {
			isa = XCConfigurationList;
			buildConfigurations = (
				BBB0262D1FB978C3003EB312 /* Debug */,
				BBB0262E1FB978C3003EB312 /* Release */,
			);
			defaultConfigurationIsVisible = 0;
			defaultConfigurationName = Release;
		};
		BBB0262F1FB978C3003EB312 /* Build configuration list for PBXNativeTarget "NightShade" */ = {
			isa = XCConfigurationList;
			buildConfigurations = (
				BBB026301FB978C3003EB312 /* Debug */,
				BBB026311FB978C3003EB312 /* Release */,
			);
			defaultConfigurationIsVisible = 0;
			defaultConfigurationName = Release;
		};
/* End XCConfigurationList section */
	};
	rootObject = BBB0261C1FB978C3003EB312 /* Project object */;
}
